
Microsoft Visual Studio Solution File, Format Version 12.00
# Visual Studio Version 17
VisualStudioVersion = 17.1.32421.90
MinimumVisualStudioVersion = 10.0.40219.1
Project("{FAE04EC0-301F-11D3-BF4B-00C04F79EFBC}") = "Control Tower", "Control Tower\Control Tower.csproj", "{C883A3EC-C8CD-4761-A633-929C699E7090}"
EndProject
Global
	GlobalSection(SolutionConfigurationPlatforms) = preSolution
		Debug|Any CPU = Debug|Any CPU
		Release|Any CPU = Release|Any CPU
	EndGlobalSection
	GlobalSection(ProjectConfigurationPlatforms) = postSolution
		{C883A3EC-C8CD-4761-A633-929C699E7090}.Debug|Any CPU.ActiveCfg = Debug|Any CPU
		{C883A3EC-C8CD-4761-A633-929C699E7090}.Debug|Any CPU.Build.0 = Debug|Any CPU
		{C883A3EC-C8CD-4761-A633-929C699E7090}.Release|Any CPU.ActiveCfg = Release|Any CPU
		{C883A3EC-C8CD-4761-A633-929C699E7090}.Release|Any CPU.Build.0 = Release|Any CPU
	EndGlobalSection
	GlobalSection(SolutionProperties) = preSolution
		HideSolutionNode = FALSE
	EndGlobalSection
	GlobalSection(ExtensibilityGlobals) = postSolution
		SolutionGuid = {88F07368-1C62-4630-87B5-53B6AB4A78F4}
	EndGlobalSection
EndGlobal
